// !$*UTF8*$!
{
	archiveVersion = 1;
	classes = {
	};
	objectVersion = 56;
	objects = {

/* Begin PBXBuildFile section */
		3621AFD22EECB76900375AAE /* AppDelegate.swift in Sources */ = {isa = PBXBuildFile; fileRef = 3621AFD12EECB76900375AAE /* AppDelegate.swift */; };
		3621AFD42EECB76900375AAE /* SceneDelegate.swift in Sources */ = {isa = PBXBuildFile; fileRef = 3621AFD32EECB76900375AAE /* SceneDelegate.swift */; };
		3621AFD62EECB76900375AAE /* ViewController.swift in Sources */ = {isa = PBXBuildFile; fileRef = 3621AFD52EECB76900375AAE /* ViewController.swift */; };
		3621AFD92EECB76900375AAE /* Main.storyboard in Resources */ = {isa = PBXBuildFile; fileRef = 3621AFD72EECB76900375AAE /* Main.storyboard */; };
		3621AFDC2EECB76900375AAE /* MyApp.xcdatamodeld in Sources */ = {isa = PBXBuildFile; fileRef = 3621AFDA2EECB76900375AAE /* MyApp.xcdatamodeld */; };
		3621AFDE2EECB76B00375AAE /* Assets.xcassets in Resources */ = {isa = PBXBuildFile; fileRef = 3621AFDD2EECB76B00375AAE /* Assets.xcassets */; };
		3621AFE12EECB76B00375AAE /* LaunchScreen.storyboard in Resources */ = {isa = PBXBuildFile; fileRef = 3621AFDF2EECB76B00375AAE /* LaunchScreen.storyboard */; };
		3621AFEC2EECB76B00375AAE /* MyAppTests.swift in Sources */ = {isa = PBXBuildFile; fileRef = 3621AFEB2EECB76B00375AAE /* MyAppTests.swift */; };
		3621AFF62EECB76B00375AAE /* MyAppUITests.swift in Sources */ = {isa = PBXBuildFile; fileRef = 3621AFF52EECB76B00375AAE /* MyAppUITests.swift */; };
		3621AFF82EECB76B00375AAE /* MyAppUITestsLaunchTests.swift in Sources */ = {isa = PBXBuildFile; fileRef = 3621AFF72EECB76B00375AAE /* MyAppUITestsLaunchTests.swift */; };
/* End PBXBuildFile section */

/* Begin PBXContainerItemProxy section */
		3621AFE82EECB76B00375AAE /* PBXContainerItemProxy */ = {
			isa = PBXContainerItemProxy;
			containerPortal = 3621AFC62EECB76900375AAE /* Project object */;
			proxyType = 1;
			remoteGlobalIDString = 3621AFCD2EECB76900375AAE;
			remoteInfo = MyApp;
		};
		3621AFF22EECB76B00375AAE /* PBXContainerItemProxy */ = {
			isa = PBXContainerItemProxy;
			containerPortal = 3621AFC62EECB76900375AAE /* Project object */;
			proxyType = 1;
			remoteGlobalIDString = 3621AFCD2EECB76900375AAE;
			remoteInfo = MyApp;
		};
/* End PBXContainerItemProxy section */

/* Begin PBXFileReference section */
		3621AFCE2EECB76900375AAE /* MyApp.app */ = {isa = PBXFileReference; explicitFileType = wrapper.application; includeInIndex = 0; path = MyApp.app; sourceTree = BUILT_PRODUCTS_DIR; };
		3621AFD12EECB76900375AAE /* AppDelegate.swift */ = {isa = PBXFileReference; lastKnownFileType = sourcecode.swift; path = AppDelegate.swift; sourceTree = "<group>"; };
		3621AFD32EECB76900375AAE /* SceneDelegate.swift */ = {isa = PBXFileReference; lastKnownFileType = sourcecode.swift; path = SceneDelegate.swift; sourceTree = "<group>"; };
		3621AFD52EECB76900375AAE /* ViewController.swift */ = {isa = PBXFileReference; lastKnownFileType = sourcecode.swift; path = ViewController.swift; sourceTree = "<group>"; };
		3621AFD82EECB76900375AAE /* Base */ = {isa = PBXFileReference; lastKnownFileType = file.storyboard; name = Base; path = Base.lproj/Main.storyboard; sourceTree = "<group>"; };
		3621AFDB2EECB76900375AAE /* MyApp.xcdatamodel */ = {isa = PBXFileReference; lastKnownFileType = wrapper.xcdatamodel; path = MyApp.xcdatamodel; sourceTree = "<group>"; };
		3621AFDD2EECB76B00375AAE /* Assets.xcassets */ = {isa = PBXFileReference; lastKnownFileType = folder.assetcatalog; path = Assets.xcassets; sourceTree = "<group>"; };
		3621AFE02EECB76B00375AAE /* Base */ = {isa = PBXFileReference; lastKnownFileType = file.storyboard; name = Base; path = Base.lproj/LaunchScreen.storyboard; sourceTree = "<group>"; };
		3621AFE22EECB76B00375AAE /* Info.plist */ = {isa = PBXFileReference; lastKnownFileType = text.plist.xml; path = Info.plist; sourceTree = "<group>"; };
		3621AFE72EECB76B00375AAE /* MyAppTests.xctest */ = {isa = PBXFileReference; explicitFileType = wrapper.cfbundle; includeInIndex = 0; path = MyAppTests.xctest; sourceTree = BUILT_PRODUCTS_DIR; };
		3621AFEB2EECB76B00375AAE /* MyAppTests.swift */ = {isa = PBXFileReference; lastKnownFileType = sourcecode.swift; path = MyAppTests.swift; sourceTree = "<group>"; };
		3621AFF12EECB76B00375AAE /* MyAppUITests.xctest */ = {isa = PBXFileReference; explicitFileType = wrapper.cfbundle; includeInIndex = 0; path = MyAppUITests.xctest; sourceTree = BUILT_PRODUCTS_DIR; };
		3621AFF52EECB76B00375AAE /* MyAppUITests.swift */ = {isa = PBXFileReference; lastKnownFileType = sourcecode.swift; path = MyAppUITests.swift; sourceTree = "<group>"; };
		3621AFF72EECB76B00375AAE /* MyAppUITestsLaunchTests.swift */ = {isa = PBXFileReference; lastKnownFileType = sourcecode.swift; path = MyAppUITestsLaunchTests.swift; sourceTree = "<group>"; };
/* End PBXFileReference section */

/* Begin PBXFrameworksBuildPhase section */
		3621AFCB2EECB76900375AAE /* Frameworks */ = {
			isa = PBXFrameworksBuildPhase;
			buildActionMask = 2147483647;
			files = (
			);
			runOnlyForDeploymentPostprocessing = 0;
		};
		3621AFE42EECB76B00375AAE /* Frameworks */ = {
			isa = PBXFrameworksBuildPhase;
			buildActionMask = 2147483647;
			files = (
			);
			runOnlyForDeploymentPostprocessing = 0;
		};
		3621AFEE2EECB76B00375AAE /* Frameworks */ = {
			isa = PBXFrameworksBuildPhase;
			buildActionMask = 2147483647;
			files = (
			);
			runOnlyForDeploymentPostprocessing = 0;
		};
/* End PBXFrameworksBuildPhase section */

/* Begin PBXGroup section */
		3621AFC52EECB76900375AAE = {
			isa = PBXGroup;
			children = (
				3621AFD02EECB76900375AAE /* MyApp */,
				3621AFEA2EECB76B00375AAE /* MyAppTests */,
				3621AFF42EECB76B00375AAE /* MyAppUITests */,
				3621AFCF2EECB76900375AAE /* Products */,
			);
			sourceTree = "<group>";
		};
		3621AFCF2EECB76900375AAE /* Products */ = {
			isa = PBXGroup;
			children = (
				3621AFCE2EECB76900375AAE /* MyApp.app */,
				3621AFE72EECB76B00375AAE /* MyAppTests.xctest */,
				3621AFF12EECB76B00375AAE /* MyAppUITests.xctest */,
			);
			name = Products;
			sourceTree = "<group>";
		};
		3621AFD02EECB76900375AAE /* MyApp */ = {
			isa = PBXGroup;
			children = (
				3621AFD12EECB76900375AAE /* AppDelegate.swift */,
				3621AFD32EECB76900375AAE /* SceneDelegate.swift */,
				3621AFD52EECB76900375AAE /* ViewController.swift */,
				3621AFD72EECB76900375AAE /* Main.storyboard */,
				3621AFDD2EECB76B00375AAE /* Assets.xcassets */,
				3621AFDF2EECB76B00375AAE /* LaunchScreen.storyboard */,
				3621AFE22EECB76B00375AAE /* Info.plist */,
				3621AFDA2EECB76900375AAE /* MyApp.xcdatamodeld */,
			);
			path = MyApp;
			sourceTree = "<group>";
		};
		3621AFEA2EECB76B00375AAE /* MyAppTests */ = {
			isa = PBXGroup;
			children = (
				3621AFEB2EECB76B00375AAE /* MyAppTests.swift */,
			);
			path = MyAppTests;
			sourceTree = "<group>";
		};
		3621AFF42EECB76B00375AAE /* MyAppUITests */ = {
			isa = PBXGroup;
			children = (
				3621AFF52EECB76B00375AAE /* MyAppUITests.swift */,
				3621AFF72EECB76B00375AAE /* MyAppUITestsLaunchTests.swift */,
			);
			path = MyAppUITests;
			sourceTree = "<group>";
		};
/* End PBXGroup section */

/* Begin PBXNativeTarget section */
		3621AFCD2EECB76900375AAE /* MyApp */ = {
			isa = PBXNativeTarget;
			buildConfigurationList = 3621AFFB2EECB76B00375AAE /* Build configuration list for PBXNativeTarget "MyApp" */;
			buildPhases = (
				3621AFCA2EECB76900375AAE /* Sources */,
				3621AFCB2EECB76900375AAE /* Frameworks */,
				3621AFCC2EECB76900375AAE /* Resources */,
			);
			buildRules = (
			);
			dependencies = (
			);
			name = MyApp;
			productName = MyApp;
			productReference = 3621AFCE2EECB76900375AAE /* MyApp.app */;
			productType = "com.apple.product-type.application";
		};
		3621AFE62EECB76B00375AAE /* MyAppTests */ = {
			isa = PBXNativeTarget;
			buildConfigurationList = 3621AFFE2EECB76B00375AAE /* Build configuration list for PBXNativeTarget "MyAppTests" */;
			buildPhases = (
				3621AFE32EECB76B00375AAE /* Sources */,
				3621AFE42EECB76B00375AAE /* Frameworks */,
				3621AFE52EECB76B00375AAE /* Resources */,
			);
			buildRules = (
			);
			dependencies = (
				3621AFE92EECB76B00375AAE /* PBXTargetDependency */,
			);
			name = MyAppTests;
			productName = MyAppTests;
			productReference = 3621AFE72EECB76B00375AAE /* MyAppTests.xctest */;
			productType = "com.apple.product-type.bundle.unit-test";
		};
		3621AFF02EECB76B00375AAE /* MyAppUITests */ = {
			isa = PBXNativeTarget;
			buildConfigurationList = 3621B0012EECB76B00375AAE /* Build configuration list for PBXNativeTarget "MyAppUITests" */;
			buildPhases = (
				3621AFED2EECB76B00375AAE /* Sources */,
				3621AFEE2EECB76B00375AAE /* Frameworks */,
				3621AFEF2EECB76B00375AAE /* Resources */,
			);
			buildRules = (
			);
			dependencies = (
				3621AFF32EECB76B00375AAE /* PBXTargetDependency */,
			);
			name = MyAppUITests;
			productName = MyAppUITests;
			productReference = 3621AFF12EECB76B00375AAE /* MyAppUITests.xctest */;
			productType = "com.apple.product-type.bundle.ui-testing";
		};
/* End PBXNativeTarget section */

/* Begin PBXProject section */
		3621AFC62EECB76900375AAE /* Project object */ = {
			isa = PBXProject;
			attributes = {
				BuildIndependentTargetsInParallel = 1;
				LastSwiftUpdateCheck = 1420;
				LastUpgradeCheck = 1420;
				TargetAttributes = {
					3621AFCD2EECB76900375AAE = {
						CreatedOnToolsVersion = 14.2;
					};
					3621AFE62EECB76B00375AAE = {
						CreatedOnToolsVersion = 14.2;
						TestTargetID = 3621AFCD2EECB76900375AAE;
					};
					3621AFF02EECB76B00375AAE = {
						CreatedOnToolsVersion = 14.2;
						TestTargetID = 3621AFCD2EECB76900375AAE;
					};
				};
			};
			buildConfigurationList = 3621AFC92EECB76900375AAE /* Build configuration list for PBXProject "MyApp" */;
			compatibilityVersion = "Xcode 14.0";
			developmentRegion = en;
			hasScannedForEncodings = 0;
			knownRegions = (
				en,
				Base,
			);
			mainGroup = 3621AFC52EECB76900375AAE;
			productRefGroup = 3621AFCF2EECB76900375AAE /* Products */;
			projectDirPath = "";
			projectRoot = "";
			targets = (
				3621AFCD2EECB76900375AAE /* MyApp */,
				3621AFE62EECB76B00375AAE /* MyAppTests */,
				3621AFF02EECB76B00375AAE /* MyAppUITests */,
			);
		};
/* End PBXProject section */

/* Begin PBXResourcesBuildPhase section */
		3621AFCC2EECB76900375AAE /* Resources */ = {
			isa = PBXResourcesBuildPhase;
			buildActionMask = 2147483647;
			files = (
				3621AFE12EECB76B00375AAE /* LaunchScreen.storyboard in Resources */,
				3621AFDE2EECB76B00375AAE /* Assets.xcassets in Resources */,
				3621AFD92EECB76900375AAE /* Main.storyboard in Resources */,
			);
			runOnlyForDeploymentPostprocessing = 0;
		};
		3621AFE52EECB76B00375AAE /* Resources */ = {
			isa = PBXResourcesBuildPhase;
			buildActionMask = 2147483647;
			files = (
			);
			runOnlyForDeploymentPostprocessing = 0;
		};
		3621AFEF2EECB76B00375AAE /* Resources */ = {
			isa = PBXResourcesBuildPhase;
			buildActionMask = 2147483647;
			files = (
			);
			runOnlyForDeploymentPostprocessing = 0;
		};
/* End PBXResourcesBuildPhase section */

/* Begin PBXSourcesBuildPhase section */
		3621AFCA2EECB76900375AAE /* Sources */ = {
			isa = PBXSourcesBuildPhase;
			buildActionMask = 2147483647;
			files = (
				3621AFD62EECB76900375AAE /* ViewController.swift in Sources */,
				3621AFDC2EECB76900375AAE /* MyApp.xcdatamodeld in Sources */,
				3621AFD22EECB76900375AAE /* AppDelegate.swift in Sources */,
				3621AFD42EECB76900375AAE /* SceneDelegate.swift in Sources */,
			);
			runOnlyForDeploymentPostprocessing = 0;
		};
		3621AFE32EECB76B00375AAE /* Sources */ = {
			isa = PBXSourcesBuildPhase;
			buildActionMask = 2147483647;
			files = (
				3621AFEC2EECB76B00375AAE /* MyAppTests.swift in Sources */,
			);
			runOnlyForDeploymentPostprocessing = 0;
		};
		3621AFED2EECB76B00375AAE /* Sources */ = {
			isa = PBXSourcesBuildPhase;
			buildActionMask = 2147483647;
			files = (
				3621AFF82EECB76B00375AAE /* MyAppUITestsLaunchTests.swift in Sources */,
				3621AFF62EECB76B00375AAE /* MyAppUITests.swift in Sources */,
			);
			runOnlyForDeploymentPostprocessing = 0;
		};
/* End PBXSourcesBuildPhase section */

/* Begin PBXTargetDependency section */
		3621AFE92EECB76B00375AAE /* PBXTargetDependency */ = {
			isa = PBXTargetDependency;
			target = 3621AFCD2EECB76900375AAE /* MyApp */;
			targetProxy = 3621AFE82EECB76B00375AAE /* PBXContainerItemProxy */;
		};
		3621AFF32EECB76B00375AAE /* PBXTargetDependency */ = {
			isa = PBXTargetDependency;
			target = 3621AFCD2EECB76900375AAE /* MyApp */;
			targetProxy = 3621AFF22EECB76B00375AAE /* PBXContainerItemProxy */;
		};
/* End PBXTargetDependency section */

/* Begin PBXVariantGroup section */
		3621AFD72EECB76900375AAE /* Main.storyboard */ = {
			isa = PBXVariantGroup;
			children = (
				3621AFD82EECB76900375AAE /* Base */,
			);
			name = Main.storyboard;
			sourceTree = "<group>";
		};
		3621AFDF2EECB76B00375AAE /* LaunchScreen.storyboard */ = {
			isa = PBXVariantGroup;
			children = (
				3621AFE02EECB76B00375AAE /* Base */,
			);
			name = LaunchScreen.storyboard;
			sourceTree = "<group>";
		};
/* End PBXVariantGroup section */

/* Begin XCBuildConfiguration section */
		3621AFF92EECB76B00375AAE /* Debug */ = {
			isa = XCBuildConfiguration;
			buildSettings = {
				ALWAYS_SEARCH_USER_PATHS = NO;
				CLANG_ANALYZER_NONNULL = YES;
				CLANG_ANALYZER_NUMBER_OBJECT_CONVERSION = YES_AGGRESSIVE;
				CLANG_CXX_LANGUAGE_STANDARD = "gnu++20";
				CLANG_ENABLE_MODULES = YES;
				CLANG_ENABLE_OBJC_ARC = YES;
				CLANG_ENABLE_OBJC_WEAK = YES;
				CLANG_WARN_BLOCK_CAPTURE_AUTORELEASING = YES;
				CLANG_WARN_BOOL_CONVERSION = YES;
				CLANG_WARN_COMMA = YES;
				CLANG_WARN_CONSTANT_CONVERSION = YES;
				CLANG_WARN_DEPRECATED_OBJC_IMPLEMENTATIONS = YES;
				CLANG_WARN_DIRECT_OBJC_ISA_USAGE = YES_ERROR;
				CLANG_WARN_DOCUMENTATION_COMMENTS = YES;
				CLANG_WARN_EMPTY_BODY = YES;
				CLANG_WARN_ENUM_CONVERSION = YES;
				CLANG_WARN_INFINITE_RECURSION = YES;
				CLANG_WARN_INT_CONVERSION = YES;
				CLANG_WARN_NON_LITERAL_NULL_CONVERSION = YES;
				CLANG_WARN_OBJC_IMPLICIT_RETAIN_SELF = YES;
				CLANG_WARN_OBJC_LITERAL_CONVERSION = YES;
				CLANG_WARN_OBJC_ROOT_CLASS = YES_ERROR;
				CLANG_WARN_QUOTED_INCLUDE_IN_FRAMEWORK_HEADER = YES;
				CLANG_WARN_RANGE_LOOP_ANALYSIS = YES;
				CLANG_WARN_STRICT_PROTOTYPES = YES;
				CLANG_WARN_SUSPICIOUS_MOVE = YES;
				CLANG_WARN_UNGUARDED_AVAILABILITY = YES_AGGRESSIVE;
				CLANG_WARN_UNREACHABLE_CODE = YES;
				CLANG_WARN__DUPLICATE_METHOD_MATCH = YES;
				COPY_PHASE_STRIP = NO;
				DEBUG_INFORMATION_FORMAT = dwarf;
				ENABLE_STRICT_OBJC_MSGSEND = YES;
				ENABLE_TESTABILITY = YES;
				GCC_C_LANGUAGE_STANDARD = gnu11;
				GCC_DYNAMIC_NO_PIC = NO;
				GCC_NO_COMMON_BLOCKS = YES;
				GCC_OPTIMIZATION_LEVEL = 0;
				GCC_PREPROCESSOR_DEFINITIONS = (
					"DEBUG=1",
					"$(inherited)",
				);
				GCC_WARN_64_TO_32_BIT_CONVERSION = YES;
				GCC_WARN_ABOUT_RETURN_TYPE = YES_ERROR;
				GCC_WARN_UNDECLARED_SELECTOR = YES;
				GCC_WARN_UNINITIALIZED_AUTOS = YES_AGGRESSIVE;
				GCC_WARN_UNUSED_FUNCTION = YES;
				GCC_WARN_UNUSED_VARIABLE = YES;
				IPHONEOS_DEPLOYMENT_TARGET = 16.2;
				MTL_ENABLE_DEBUG_INFO = INCLUDE_SOURCE;
				MTL_FAST_MATH = YES;
				ONLY_ACTIVE_ARCH = YES;
				SDKROOT = iphoneos;
				SWIFT_ACTIVE_COMPILATION_CONDITIONS = DEBUG;
				SWIFT_OPTIMIZATION_LEVEL = "-Onone";
			};
			name = Debug;
		};
		3621AFFA2EECB76B00375AAE /* Release */ = {
			isa = XCBuildConfiguration;
			buildSettings = {
				ALWAYS_SEARCH_USER_PATHS = NO;
				CLANG_ANALYZER_NONNULL = YES;
				CLANG_ANALYZER_NUMBER_OBJECT_CONVERSION = YES_AGGRESSIVE;
				CLANG_CXX_LANGUAGE_STANDARD = "gnu++20";
				CLANG_ENABLE_MODULES = YES;
				CLANG_ENABLE_OBJC_ARC = YES;
				CLANG_ENABLE_OBJC_WEAK = YES;
				CLANG_WARN_BLOCK_CAPTURE_AUTORELEASING = YES;
				CLANG_WARN_BOOL_CONVERSION = YES;
				CLANG_WARN_COMMA = YES;
				CLANG_WARN_CONSTANT_CONVERSION = YES;
				CLANG_WARN_DEPRECATED_OBJC_IMPLEMENTATIONS = YES;
				CLANG_WARN_DIRECT_OBJC_ISA_USAGE = YES_ERROR;
				CLANG_WARN_DOCUMENTATION_COMMENTS = YES;
				CLANG_WARN_EMPTY_BODY = YES;
				CLANG_WARN_ENUM_CONVERSION = YES;
				CLANG_WARN_INFINITE_RECURSION = YES;
				CLANG_WARN_INT_CONVERSION = YES;
				CLANG_WARN_NON_LITERAL_NULL_CONVERSION = YES;
				CLANG_WARN_OBJC_IMPLICIT_RETAIN_SELF = YES;
				CLANG_WARN_OBJC_LITERAL_CONVERSION = YES;
				CLANG_WARN_OBJC_ROOT_CLASS = YES_ERROR;
				CLANG_WARN_QUOTED_INCLUDE_IN_FRAMEWORK_HEADER = YES;
				CLANG_WARN_RANGE_LOOP_ANALYSIS = YES;
				CLANG_WARN_STRICT_PROTOTYPES = YES;
				CLANG_WARN_SUSPICIOUS_MOVE = YES;
				CLANG_WARN_UNGUARDED_AVAILABILITY = YES_AGGRESSIVE;
				CLANG_WARN_UNREACHABLE_CODE = YES;
				CLANG_WARN__DUPLICATE_METHOD_MATCH = YES;
				COPY_PHASE_STRIP = NO;
				DEBUG_INFORMATION_FORMAT = "dwarf-with-dsym";
				ENABLE_NS_ASSERTIONS = NO;
				ENABLE_STRICT_OBJC_MSGSEND = YES;
				GCC_C_LANGUAGE_STANDARD = gnu11;
				GCC_NO_COMMON_BLOCKS = YES;
				GCC_WARN_64_TO_32_BIT_CONVERSION = YES;
				GCC_WARN_ABOUT_RETURN_TYPE = YES_ERROR;
				GCC_WARN_UNDECLARED_SELECTOR = YES;
				GCC_WARN_UNINITIALIZED_AUTOS = YES_AGGRESSIVE;
				GCC_WARN_UNUSED_FUNCTION = YES;
				GCC_WARN_UNUSED_VARIABLE = YES;
				IPHONEOS_DEPLOYMENT_TARGET = 16.2;
				MTL_ENABLE_DEBUG_INFO = NO;
				MTL_FAST_MATH = YES;
				SDKROOT = iphoneos;
				SWIFT_COMPILATION_MODE = wholemodule;
				SWIFT_OPTIMIZATION_LEVEL = "-O";
				VALIDATE_PRODUCT = YES;
			};
			name = Release;
		};
		3621AFFC2EECB76B00375AAE /* Debug */ = {
			isa = XCBuildConfiguration;
			buildSettings = {
				ASSETCATALOG_COMPILER_APPICON_NAME = AppIcon;
				ASSETCATALOG_COMPILER_GLOBAL_ACCENT_COLOR_NAME = AccentColor;
				CODE_SIGN_STYLE = Automatic;
				CURRENT_PROJECT_VERSION = 1;
				DEVELOPMENT_TEAM = 79CA3F4JG8;
				GENERATE_INFOPLIST_FILE = YES;
				INFOPLIST_FILE = MyApp/Info.plist;
				INFOPLIST_KEY_UIApplicationSupportsIndirectInputEvents = YES;
				INFOPLIST_KEY_UILaunchStoryboardName = LaunchScreen;
				INFOPLIST_KEY_UIMainStoryboardFile = Main;
				INFOPLIST_KEY_UISupportedInterfaceOrientations_iPad = "UIInterfaceOrientationPortrait UIInterfaceOrientationPortraitUpsideDown UIInterfaceOrientationLandscapeLeft UIInterfaceOrientationLandscapeRight";
				INFOPLIST_KEY_UISupportedInterfaceOrientations_iPhone = "UIInterfaceOrientationPortrait UIInterfaceOrientationLandscapeLeft UIInterfaceOrientationLandscapeRight";
				LD_RUNPATH_SEARCH_PATHS = (
					"$(inherited)",
					"@executable_path/Frameworks",
				);
				MARKETING_VERSION = 1.0;
				PRODUCT_BUNDLE_IDENTIFIER = bharatshilavat.MyApp;
				PRODUCT_NAME = "$(TARGET_NAME)";
				SWIFT_EMIT_LOC_STRINGS = YES;
				SWIFT_VERSION = 5.0;
				TARGETED_DEVICE_FAMILY = "1,2";
			};
			name = Debug;
		};
		3621AFFD2EECB76B00375AAE /* Release */ = {
			isa = XCBuildConfiguration;
			buildSettings = {
				ASSETCATALOG_COMPILER_APPICON_NAME = AppIcon;
				ASSETCATALOG_COMPILER_GLOBAL_ACCENT_COLOR_NAME = AccentColor;
				CODE_SIGN_STYLE = Automatic;
				CURRENT_PROJECT_VERSION = 1;
				DEVELOPMENT_TEAM = 79CA3F4JG8;
				GENERATE_INFOPLIST_FILE = YES;
				INFOPLIST_FILE = MyApp/Info.plist;
				INFOPLIST_KEY_UIApplicationSupportsIndirectInputEvents = YES;
				INFOPLIST_KEY_UILaunchStoryboardName = LaunchScreen;
				INFOPLIST_KEY_UIMainStoryboardFile = Main;
				INFOPLIST_KEY_UISupportedInterfaceOrientations_iPad = "UIInterfaceOrientationPortrait UIInterfaceOrientationPortraitUpsideDown UIInterfaceOrientationLandscapeLeft UIInterfaceOrientationLandscapeRight";
				INFOPLIST_KEY_UISupportedInterfaceOrientations_iPhone = "UIInterfaceOrientationPortrait UIInterfaceOrientationLandscapeLeft UIInterfaceOrientationLandscapeRight";
				LD_RUNPATH_SEARCH_PATHS = (
					"$(inherited)",
					"@executable_path/Frameworks",
				);
				MARKETING_VERSION = 1.0;
				PRODUCT_BUNDLE_IDENTIFIER = bharatshilavat.MyApp;
				PRODUCT_NAME = "$(TARGET_NAME)";
				SWIFT_EMIT_LOC_STRINGS = YES;
				SWIFT_VERSION = 5.0;
				TARGETED_DEVICE_FAMILY = "1,2";
			};
			name = Release;
		};
		3621AFFF2EECB76B00375AAE /* Debug */ = {
			isa = XCBuildConfiguration;
			buildSettings = {
				ALWAYS_EMBED_SWIFT_STANDARD_LIBRARIES = YES;
				BUNDLE_LOADER = "$(TEST_HOST)";
				CODE_SIGN_STYLE = Automatic;
				CURRENT_PROJECT_VERSION = 1;
				DEVELOPMENT_TEAM = 79CA3F4JG8;
				GENERATE_INFOPLIST_FILE = YES;
				IPHONEOS_DEPLOYMENT_TARGET = 16.2;
				MARKETING_VERSION = 1.0;
				PRODUCT_BUNDLE_IDENTIFIER = bharatshilavat.MyAppTests;
				PRODUCT_NAME = "$(TARGET_NAME)";
				SWIFT_EMIT_LOC_STRINGS = NO;
				SWIFT_VERSION = 5.0;
				TARGETED_DEVICE_FAMILY = "1,2";
				TEST_HOST = "$(BUILT_PRODUCTS_DIR)/MyApp.app/$(BUNDLE_EXECUTABLE_FOLDER_PATH)/MyApp";
			};
			name = Debug;
		};
		3621B0002EECB76B00375AAE /* Release */ = {
			isa = XCBuildConfiguration;
			buildSettings = {
				ALWAYS_EMBED_SWIFT_STANDARD_LIBRARIES = YES;
				BUNDLE_LOADER = "$(TEST_HOST)";
				CODE_SIGN_STYLE = Automatic;
				CURRENT_PROJECT_VERSION = 1;
				DEVELOPMENT_TEAM = 79CA3F4JG8;
				GENERATE_INFOPLIST_FILE = YES;
				IPHONEOS_DEPLOYMENT_TARGET = 16.2;
				MARKETING_VERSION = 1.0;
				PRODUCT_BUNDLE_IDENTIFIER = bharatshilavat.MyAppTests;
				PRODUCT_NAME = "$(TARGET_NAME)";
				SWIFT_EMIT_LOC_STRINGS = NO;
				SWIFT_VERSION = 5.0;
				TARGETED_DEVICE_FAMILY = "1,2";
				TEST_HOST = "$(BUILT_PRODUCTS_DIR)/MyApp.app/$(BUNDLE_EXECUTABLE_FOLDER_PATH)/MyApp";
			};
			name = Release;
		};
		3621B0022EECB76B00375AAE /* Debug */ = {
			isa = XCBuildConfiguration;
			buildSettings = {
				ALWAYS_EMBED_SWIFT_STANDARD_LIBRARIES = YES;
				CODE_SIGN_STYLE = Automatic;
				CURRENT_PROJECT_VERSION = 1;
				DEVELOPMENT_TEAM = 79CA3F4JG8;
				GENERATE_INFOPLIST_FILE = YES;
				MARKETING_VERSION = 1.0;
				PRODUCT_BUNDLE_IDENTIFIER = bharatshilavat.MyAppUITests;
				PRODUCT_NAME = "$(TARGET_NAME)";
				SWIFT_EMIT_LOC_STRINGS = NO;
				SWIFT_VERSION = 5.0;
				TARGETED_DEVICE_FAMILY = "1,2";
				TEST_TARGET_NAME = MyApp;
			};
			name = Debug;
		};
		3621B0032EECB76B00375AAE /* Release */ = {
			isa = XCBuildConfiguration;
			buildSettings = {
				ALWAYS_EMBED_SWIFT_STANDARD_LIBRARIES = YES;
				CODE_SIGN_STYLE = Automatic;
				CURRENT_PROJECT_VERSION = 1;
				DEVELOPMENT_TEAM = 79CA3F4JG8;
				GENERATE_INFOPLIST_FILE = YES;
				MARKETING_VERSION = 1.0;
				PRODUCT_BUNDLE_IDENTIFIER = bharatshilavat.MyAppUITests;
				PRODUCT_NAME = "$(TARGET_NAME)";
				SWIFT_EMIT_LOC_STRINGS = NO;
				SWIFT_VERSION = 5.0;
				TARGETED_DEVICE_FAMILY = "1,2";
				TEST_TARGET_NAME = MyApp;
			};
			name = Release;
		};
/* End XCBuildConfiguration section */

/* Begin XCConfigurationList section */
		3621AFC92EECB76900375AAE /* Build configuration list for PBXProject "MyApp" */ = {
			isa = XCConfigurationList;
			buildConfigurations = (
				3621AFF92EECB76B00375AAE /* Debug */,
				3621AFFA2EECB76B00375AAE /* Release */,
			);
			defaultConfigurationIsVisible = 0;
			defaultConfigurationName = Release;
		};
		3621AFFB2EECB76B00375AAE /* Build configuration list for PBXNativeTarget "MyApp" */ = {
			isa = XCConfigurationList;
			buildConfigurations = (
				3621AFFC2EECB76B00375AAE /* Debug */,
				3621AFFD2EECB76B00375AAE /* Release */,
			);
			defaultConfigurationIsVisible = 0;
			defaultConfigurationName = Release;
		};
		3621AFFE2EECB76B00375AAE /* Build configuration list for PBXNativeTarget "MyAppTests" */ = {
			isa = XCConfigurationList;
			buildConfigurations = (
				3621AFFF2EECB76B00375AAE /* Debug */,
				3621B0002EECB76B00375AAE /* Release */,
			);
			defaultConfigurationIsVisible = 0;
			defaultConfigurationName = Release;
		};
		3621B0012EECB76B00375AAE /* Build configuration list for PBXNativeTarget "MyAppUITests" */ = {
			isa = XCConfigurationList;
			buildConfigurations = (
				3621B0022EECB76B00375AAE /* Debug */,
				3621B0032EECB76B00375AAE /* Release */,
			);
			defaultConfigurationIsVisible = 0;
			defaultConfigurationName = Release;
		};
/* End XCConfigurationList section */

/* Begin XCVersionGroup section */
		3621AFDA2EECB76900375AAE /* MyApp.xcdatamodeld */ = {
			isa = XCVersionGroup;
			children = (
				3621AFDB2EECB76900375AAE /* MyApp.xcdatamodel */,
			);
			currentVersion = 3621AFDB2EECB76900375AAE /* MyApp.xcdatamodel */;
			path = MyApp.xcdatamodeld;
			sourceTree = "<group>";
			versionGroupType = wrapper.xcdatamodel;
		};
/* End XCVersionGroup section */
	};
	rootObject = 3621AFC62EECB76900375AAE /* Project object */;
}
